
Microsoft Visual Studio Solution File, Format Version 12.00
# Visual Studio Version 17
VisualStudioVersion = 17.14.37216.2
MinimumVisualStudioVersion = 10.0.40219.1
Project("{FAE04EC0-301F-11D3-BF4B-00C04F79EFBC}") = "Projekt_SimpleNote", "Projekt_SimpleNote\Projekt_SimpleNote.csproj", "{B99CD895-8408-4460-A321-DE5C50908205}"
EndProject
Global
	GlobalSection(SolutionConfigurationPlatforms) = preSolution
		Debug|Any CPU = Debug|Any CPU
		Release|Any CPU = Release|Any CPU
	EndGlobalSection
	GlobalSection(ProjectConfigurationPlatforms) = postSolution
		{B99CD895-8408-4460-A321-DE5C50908205}.Debug|Any CPU.ActiveCfg = Debug|Any CPU
		{B99CD895-8408-4460-A321-DE5C50908205}.Debug|Any CPU.Build.0 = Debug|Any CPU
		{B99CD895-8408-4460-A321-DE5C50908205}.Release|Any CPU.ActiveCfg = Release|Any CPU
		{B99CD895-8408-4460-A321-DE5C50908205}.Release|Any CPU.Build.0 = Release|Any CPU
	EndGlobalSection
	GlobalSection(SolutionProperties) = preSolution
		HideSolutionNode = FALSE
	EndGlobalSection
	GlobalSection(ExtensibilityGlobals) = postSolution
		SolutionGuid = {004C53AC-6CB1-4706-B727-DF264444FDBA}
	EndGlobalSection
EndGlobal
